
Microsoft Visual Studio Solution File, Format Version 12.00
# Visual Studio 15
VisualStudioVersion = 15.0.28307.329
MinimumVisualStudioVersion = 10.0.40219.1
Project("{FAE04EC0-301F-11D3-BF4B-00C04F79EFBC}") = "ValueApp", "ValueApp\ValueApp.csproj", "{3B106CB5-D7FF-43AA-BB16-1367BB606FE1}"
EndProject
Global
	GlobalSection(SolutionConfigurationPlatforms) = preSolution
		Debug|Any CPU = Debug|Any CPU
		Release|Any CPU = Release|Any CPU
	EndGlobalSection
	GlobalSection(ProjectConfigurationPlatforms) = postSolution
		{3B106CB5-D7FF-43AA-BB16-1367BB606FE1}.Debug|Any CPU.ActiveCfg = Debug|Any CPU
		{3B106CB5-D7FF-43AA-BB16-1367BB606FE1}.Debug|Any CPU.Build.0 = Debug|Any CPU
		{3B106CB5-D7FF-43AA-BB16-1367BB606FE1}.Release|Any CPU.ActiveCfg = Release|Any CPU
		{3B106CB5-D7FF-43AA-BB16-1367BB606FE1}.Release|Any CPU.Build.0 = Release|Any CPU
	EndGlobalSection
	GlobalSection(SolutionProperties) = preSolution
		HideSolutionNode = FALSE
	EndGlobalSection
	GlobalSection(ExtensibilityGlobals) = postSolution
		SolutionGuid = {AFD8332F-07C3-4456-BE4D-B52B4957F129}
	EndGlobalSection
EndGlobal
